
Microsoft Visual Studio Solution File, Format Version 12.00
# Visual Studio Version 16
VisualStudioVersion = 16.0.31624.102
MinimumVisualStudioVersion = 10.0.40219.1
Project("{FAE04EC0-301F-11D3-BF4B-00C04F79EFBC}") = "MatchGame", "MatchGame\MatchGame.csproj", "{517459D1-82B6-42B7-A96E-5AC6428B3B85}"
EndProject
Global
	GlobalSection(SolutionConfigurationPlatforms) = preSolution
		Debug|Any CPU = Debug|Any CPU
		Release|Any CPU = Release|Any CPU
	EndGlobalSection
	GlobalSection(ProjectConfigurationPlatforms) = postSolution
		{517459D1-82B6-42B7-A96E-5AC6428B3B85}.Debug|Any CPU.ActiveCfg = Debug|Any CPU
		{517459D1-82B6-42B7-A96E-5AC6428B3B85}.Debug|Any CPU.Build.0 = Debug|Any CPU
		{517459D1-82B6-42B7-A96E-5AC6428B3B85}.Release|Any CPU.ActiveCfg = Release|Any CPU
		{517459D1-82B6-42B7-A96E-5AC6428B3B85}.Release|Any CPU.Build.0 = Release|Any CPU
	EndGlobalSection
	GlobalSection(SolutionProperties) = preSolution
		HideSolutionNode = FALSE
	EndGlobalSection
	GlobalSection(ExtensibilityGlobals) = postSolution
		SolutionGuid = {FADE6CEB-9592-4A43-A4AA-9D5784040AE7}
	EndGlobalSection
EndGlobal
